{
  "object": {
    "pins": [
      {
        "package": "Async",
        "repositoryURL": "https://github.com/vapor/async.git",
        "state": {
          "branch": null,
          "revision": "ed6d1c0d2a343e79426136d66c87dae7df055802",
          "version": "1.0.0-alpha.5"
        }
      },
      {
        "package": "FuturaAsync",
        "repositoryURL": "https://github.com/kaqu/FuturaAsync.git",
        "state": {
          "branch": null,
          "revision": "543c45311dbaaefafb739a20caea68cf2cbdec57",
          "version": "0.1.0"
        }
      },
      {
        "package": "FuturaLog",
        "repositoryURL": "https://github.com/kaqu/FuturaLog.git",
        "state": {
          "branch": null,
          "revision": "349c53dc57234a8f9bf2d26a895571fc0f010fa5",
          "version": "0.6.0"
        }
      },
      {
        "package": "Vapor",
        "repositoryURL": "https://github.com/vapor/vapor.git",
        "state": {
          "branch": null,
          "revision": "81008b8d96ca55efb62d627352cf888637c518f2",
          "version": "3.0.0-alpha.x"
        }
      }
    ]
  },
  "version": 1
}
